
Microsoft Visual Studio Solution File, Format Version 12.00
# Visual Studio 15
VisualStudioVersion = 15.0.27004.2010
MinimumVisualStudioVersion = 10.0.40219.1
Project("{888888A0-9F3D-457C-B088-3A5042F75D52}") = "01", "01\01.pyproj", "{1348D6DE-8FCD-4313-8E34-1C13933541BB}"
EndProject
Global
	GlobalSection(SolutionConfigurationPlatforms) = preSolution
		Debug|Any CPU = Debug|Any CPU
		Release|Any CPU = Release|Any CPU
	EndGlobalSection
	GlobalSection(ProjectConfigurationPlatforms) = postSolution
		{1348D6DE-8FCD-4313-8E34-1C13933541BB}.Debug|Any CPU.ActiveCfg = Debug|Any CPU
		{1348D6DE-8FCD-4313-8E34-1C13933541BB}.Release|Any CPU.ActiveCfg = Release|Any CPU
	EndGlobalSection
	GlobalSection(SolutionProperties) = preSolution
		HideSolutionNode = FALSE
	EndGlobalSection
	GlobalSection(ExtensibilityGlobals) = postSolution
		SolutionGuid = {ACD56851-6104-4EF3-AF64-0AEB11B285A2}
	EndGlobalSection
EndGlobal
